
Microsoft Visual Studio Solution File, Format Version 12.00
# Visual Studio Version 16
VisualStudioVersion = 16.0.30204.135
MinimumVisualStudioVersion = 10.0.40219.1
Project("{FAE04EC0-301F-11D3-BF4B-00C04F79EFBC}") = "MobileClient.Android", "MobileClient\MobileClient.Android\MobileClient.Android.csproj", "{E9B87407-0B72-4335-A822-8EDACC6F9246}"
EndProject
Project("{FAE04EC0-301F-11D3-BF4B-00C04F79EFBC}") = "MobileClient", "MobileClient\MobileClient\MobileClient.csproj", "{559A886A-AF0F-4FBD-8BAA-3F19B85B0196}"
EndProject
Global
	GlobalSection(SolutionConfigurationPlatforms) = preSolution
		Debug|Any CPU = Debug|Any CPU
		Release|Any CPU = Release|Any CPU
	EndGlobalSection
	GlobalSection(ProjectConfigurationPlatforms) = postSolution
		{E9B87407-0B72-4335-A822-8EDACC6F9246}.Debug|Any CPU.ActiveCfg = Debug|Any CPU
		{E9B87407-0B72-4335-A822-8EDACC6F9246}.Debug|Any CPU.Build.0 = Debug|Any CPU
		{E9B87407-0B72-4335-A822-8EDACC6F9246}.Debug|Any CPU.Deploy.0 = Debug|Any CPU
		{E9B87407-0B72-4335-A822-8EDACC6F9246}.Release|Any CPU.ActiveCfg = Release|Any CPU
		{E9B87407-0B72-4335-A822-8EDACC6F9246}.Release|Any CPU.Build.0 = Release|Any CPU
		{E9B87407-0B72-4335-A822-8EDACC6F9246}.Release|Any CPU.Deploy.0 = Release|Any CPU
		{559A886A-AF0F-4FBD-8BAA-3F19B85B0196}.Debug|Any CPU.ActiveCfg = Debug|Any CPU
		{559A886A-AF0F-4FBD-8BAA-3F19B85B0196}.Debug|Any CPU.Build.0 = Debug|Any CPU
		{559A886A-AF0F-4FBD-8BAA-3F19B85B0196}.Debug|Any CPU.Deploy.0 = Debug|Any CPU
		{559A886A-AF0F-4FBD-8BAA-3F19B85B0196}.Release|Any CPU.ActiveCfg = Release|Any CPU
		{559A886A-AF0F-4FBD-8BAA-3F19B85B0196}.Release|Any CPU.Build.0 = Release|Any CPU
		{559A886A-AF0F-4FBD-8BAA-3F19B85B0196}.Release|Any CPU.Deploy.0 = Release|Any CPU
	EndGlobalSection
	GlobalSection(SolutionProperties) = preSolution
		HideSolutionNode = FALSE
	EndGlobalSection
	GlobalSection(ExtensibilityGlobals) = postSolution
		SolutionGuid = {6CEE14CB-DB60-4ABC-BF65-B913BC311C95}
	EndGlobalSection
EndGlobal
